
Microsoft Visual Studio Solution File, Format Version 12.00
# Visual Studio 2013
VisualStudioVersion = 12.0.30723.0
MinimumVisualStudioVersion = 10.0.40219.1
Project("{8BC9CEB8-8B4A-11D0-8D11-00A0C91BC942}") = "Algorithms", "Algorithms\Algorithms.vcxproj", "{4A8ACAA2-4765-4056-AD2E-A8707E4C9CD8}"
EndProject
Project("{8BC9CEB8-8B4A-11D0-8D11-00A0C91BC942}") = "Queue", "Queue\Queue.vcxproj", "{98717598-7CF6-44ED-8248-28135D59D169}"
EndProject
Project("{8BC9CEB8-8B4A-11D0-8D11-00A0C91BC942}") = "Deque", "Deque\Deque.vcxproj", "{8054076F-9EE2-41F7-94EC-29EA56E6E92A}"
EndProject
Project("{8BC9CEB8-8B4A-11D0-8D11-00A0C91BC942}") = "List", "List\List.vcxproj", "{D2DC15AB-BFF3-4C03-87AD-E052EF809E43}"
EndProject
Global
	GlobalSection(SolutionConfigurationPlatforms) = preSolution
		Debug|Win32 = Debug|Win32
		Release|Win32 = Release|Win32
	EndGlobalSection
	GlobalSection(ProjectConfigurationPlatforms) = postSolution
		{4A8ACAA2-4765-4056-AD2E-A8707E4C9CD8}.Debug|Win32.ActiveCfg = Debug|Win32
		{4A8ACAA2-4765-4056-AD2E-A8707E4C9CD8}.Debug|Win32.Build.0 = Debug|Win32
		{4A8ACAA2-4765-4056-AD2E-A8707E4C9CD8}.Release|Win32.ActiveCfg = Release|Win32
		{4A8ACAA2-4765-4056-AD2E-A8707E4C9CD8}.Release|Win32.Build.0 = Release|Win32
		{98717598-7CF6-44ED-8248-28135D59D169}.Debug|Win32.ActiveCfg = Debug|Win32
		{98717598-7CF6-44ED-8248-28135D59D169}.Debug|Win32.Build.0 = Debug|Win32
		{98717598-7CF6-44ED-8248-28135D59D169}.Release|Win32.ActiveCfg = Release|Win32
		{98717598-7CF6-44ED-8248-28135D59D169}.Release|Win32.Build.0 = Release|Win32
		{8054076F-9EE2-41F7-94EC-29EA56E6E92A}.Debug|Win32.ActiveCfg = Debug|Win32
		{8054076F-9EE2-41F7-94EC-29EA56E6E92A}.Debug|Win32.Build.0 = Debug|Win32
		{8054076F-9EE2-41F7-94EC-29EA56E6E92A}.Release|Win32.ActiveCfg = Release|Win32
		{8054076F-9EE2-41F7-94EC-29EA56E6E92A}.Release|Win32.Build.0 = Release|Win32
		{D2DC15AB-BFF3-4C03-87AD-E052EF809E43}.Debug|Win32.ActiveCfg = Debug|Win32
		{D2DC15AB-BFF3-4C03-87AD-E052EF809E43}.Debug|Win32.Build.0 = Debug|Win32
		{D2DC15AB-BFF3-4C03-87AD-E052EF809E43}.Release|Win32.ActiveCfg = Release|Win32
		{D2DC15AB-BFF3-4C03-87AD-E052EF809E43}.Release|Win32.Build.0 = Release|Win32
	EndGlobalSection
	GlobalSection(SolutionProperties) = preSolution
		HideSolutionNode = FALSE
	EndGlobalSection
EndGlobal
